
Microsoft Visual Studio Solution File, Format Version 12.00
# Visual Studio Version 17
VisualStudioVersion = 17.1.32228.430
MinimumVisualStudioVersion = 10.0.40219.1
Project("{9A19103F-16F7-4668-BE54-9A1E7A4F7556}") = "SwissArmyKnife", "SwissArmyKnife\SwissArmyKnife.csproj", "{90094FC6-4670-489C-BC68-AA35A9B4FA4A}"
EndProject
Global
	GlobalSection(SolutionConfigurationPlatforms) = preSolution
		Debug|Any CPU = Debug|Any CPU
		Release|Any CPU = Release|Any CPU
	EndGlobalSection
	GlobalSection(ProjectConfigurationPlatforms) = postSolution
		{90094FC6-4670-489C-BC68-AA35A9B4FA4A}.Debug|Any CPU.ActiveCfg = Debug|Any CPU
		{90094FC6-4670-489C-BC68-AA35A9B4FA4A}.Debug|Any CPU.Build.0 = Debug|Any CPU
		{90094FC6-4670-489C-BC68-AA35A9B4FA4A}.Release|Any CPU.ActiveCfg = Release|Any CPU
		{90094FC6-4670-489C-BC68-AA35A9B4FA4A}.Release|Any CPU.Build.0 = Release|Any CPU
	EndGlobalSection
	GlobalSection(SolutionProperties) = preSolution
		HideSolutionNode = FALSE
	EndGlobalSection
	GlobalSection(ExtensibilityGlobals) = postSolution
		SolutionGuid = {B9E153D7-5F06-4712-AB83-05BE38A2D4C5}
	EndGlobalSection
EndGlobal
